// !$*UTF8*$!
{
	archiveVersion = 1;
	classes = {
	};
	objectVersion = 56;
	objects = {

/* Begin PBXBuildFile section */
		1EEA78DEE5FAAE0174C8CAB0 /* Pods_Jujamanru.framework in Frameworks */ = {isa = PBXBuildFile; fileRef = 69462E0A76BFB42569C83520 /* Pods_Jujamanru.framework */; };
		F8217C082BB209D000FA84EF /* PostEditViewModel.swift in Sources */ = {isa = PBXBuildFile; fileRef = F8217C072BB209D000FA84EF /* PostEditViewModel.swift */; };
		F8217C0A2BB20A8300FA84EF /* PostEditView.swift in Sources */ = {isa = PBXBuildFile; fileRef = F8217C092BB20A8300FA84EF /* PostEditView.swift */; };
		F8217C0C2BB211D000FA84EF /* ReplyEditView.swift in Sources */ = {isa = PBXBuildFile; fileRef = F8217C0B2BB211D000FA84EF /* ReplyEditView.swift */; };
		F8217C0E2BB211DA00FA84EF /* ReplyEditViewModel.swift in Sources */ = {isa = PBXBuildFile; fileRef = F8217C0D2BB211DA00FA84EF /* ReplyEditViewModel.swift */; };
		F8217C102BB23D5F00FA84EF /* RegisterationView.swift in Sources */ = {isa = PBXBuildFile; fileRef = F8217C0F2BB23D5F00FA84EF /* RegisterationView.swift */; };
		F89491222B9B080400437A2E /* View+Extensions.swift in Sources */ = {isa = PBXBuildFile; fileRef = F89491212B9B080400437A2E /* View+Extensions.swift */; };
		F89491242B9B083A00437A2E /* API.swift in Sources */ = {isa = PBXBuildFile; fileRef = F89491232B9B083A00437A2E /* API.swift */; };
		F894912A2B9B087200437A2E /* Bundle+Extensions.swift in Sources */ = {isa = PBXBuildFile; fileRef = F89491292B9B087200437A2E /* Bundle+Extensions.swift */; };
		F894912C2B9B088800437A2E /* NetworkManager.swift in Sources */ = {isa = PBXBuildFile; fileRef = F894912B2B9B088800437A2E /* NetworkManager.swift */; };
		F894912E2B9B08A300437A2E /* User.swift in Sources */ = {isa = PBXBuildFile; fileRef = F894912D2B9B08A300437A2E /* User.swift */; };
		F89491302B9B08B600437A2E /* Post.swift in Sources */ = {isa = PBXBuildFile; fileRef = F894912F2B9B08B600437A2E /* Post.swift */; };
		F89491322B9B08C100437A2E /* Notice.swift in Sources */ = {isa = PBXBuildFile; fileRef = F89491312B9B08C100437A2E /* Notice.swift */; };
		F89491342B9B08D100437A2E /* Reply.swift in Sources */ = {isa = PBXBuildFile; fileRef = F89491332B9B08D100437A2E /* Reply.swift */; };
		F89491362B9B0F4800437A2E /* Team.swift in Sources */ = {isa = PBXBuildFile; fileRef = F89491352B9B0F4800437A2E /* Team.swift */; };
		F894913B2B9B11BD00437A2E /* MyPageViewModel.swift in Sources */ = {isa = PBXBuildFile; fileRef = F894913A2B9B11BD00437A2E /* MyPageViewModel.swift */; };
		F894913D2B9B120B00437A2E /* HomeView.swift in Sources */ = {isa = PBXBuildFile; fileRef = F894913C2B9B120B00437A2E /* HomeView.swift */; };
		F894913F2B9B121A00437A2E /* BoardView.swift in Sources */ = {isa = PBXBuildFile; fileRef = F894913E2B9B121A00437A2E /* BoardView.swift */; };
		F89491412B9B122000437A2E /* MyPageView.swift in Sources */ = {isa = PBXBuildFile; fileRef = F89491402B9B122000437A2E /* MyPageView.swift */; };
		F89491432B9B123600437A2E /* MainTabView.swift in Sources */ = {isa = PBXBuildFile; fileRef = F89491422B9B123600437A2E /* MainTabView.swift */; };
		F89491472B9B138D00437A2E /* PostCellView.swift in Sources */ = {isa = PBXBuildFile; fileRef = F89491462B9B138D00437A2E /* PostCellView.swift */; };
		F89491492B9B13B300437A2E /* PostViewModel.swift in Sources */ = {isa = PBXBuildFile; fileRef = F89491482B9B13B300437A2E /* PostViewModel.swift */; };
		F894914B2B9B160800437A2E /* PostsView.swift in Sources */ = {isa = PBXBuildFile; fileRef = F894914A2B9B160800437A2E /* PostsView.swift */; };
		F894914D2B9B160F00437A2E /* PostDetailView.swift in Sources */ = {isa = PBXBuildFile; fileRef = F894914C2B9B160F00437A2E /* PostDetailView.swift */; };
		F894914F2B9B161800437A2E /* RepliesView.swift in Sources */ = {isa = PBXBuildFile; fileRef = F894914E2B9B161800437A2E /* RepliesView.swift */; };
		F89491512B9B162300437A2E /* ReplyWriteView.swift in Sources */ = {isa = PBXBuildFile; fileRef = F89491502B9B162300437A2E /* ReplyWriteView.swift */; };
		F89491532B9B163B00437A2E /* BoardViewModel.swift in Sources */ = {isa = PBXBuildFile; fileRef = F89491522B9B163B00437A2E /* BoardViewModel.swift */; };
		F89491552B9B663F00437A2E /* ProfileHeaderView.swift in Sources */ = {isa = PBXBuildFile; fileRef = F89491542B9B663F00437A2E /* ProfileHeaderView.swift */; };
		F89491572B9B665A00437A2E /* ProfileImageView.swift in Sources */ = {isa = PBXBuildFile; fileRef = F89491562B9B665A00437A2E /* ProfileImageView.swift */; };
		F89491592B9B66D500437A2E /* SettingView.swift in Sources */ = {isa = PBXBuildFile; fileRef = F89491582B9B66D500437A2E /* SettingView.swift */; };
		F894915B2B9B6A6E00437A2E /* ReplyCellView.swift in Sources */ = {isa = PBXBuildFile; fileRef = F894915A2B9B6A6E00437A2E /* ReplyCellView.swift */; };
		F894915D2B9B6A8200437A2E /* ReplyViewModel.swift in Sources */ = {isa = PBXBuildFile; fileRef = F894915C2B9B6A8200437A2E /* ReplyViewModel.swift */; };
		F89491612B9B712F00437A2E /* PostHeaderView.swift in Sources */ = {isa = PBXBuildFile; fileRef = F89491602B9B712F00437A2E /* PostHeaderView.swift */; };
		F89491632B9B73F000437A2E /* PostTextView.swift in Sources */ = {isa = PBXBuildFile; fileRef = F89491622B9B73F000437A2E /* PostTextView.swift */; };
		F89491652B9B7BA400437A2E /* PostWriteView.swift in Sources */ = {isa = PBXBuildFile; fileRef = F89491642B9B7BA300437A2E /* PostWriteView.swift */; };
		F89491692B9B7DC500437A2E /* DatetimeUtils.swift in Sources */ = {isa = PBXBuildFile; fileRef = F89491682B9B7DC500437A2E /* DatetimeUtils.swift */; };
		F894916B2B9B85E500437A2E /* MyPostsView.swift in Sources */ = {isa = PBXBuildFile; fileRef = F894916A2B9B85E500437A2E /* MyPostsView.swift */; };
		F894916D2B9B85EE00437A2E /* MyRepliesView.swift in Sources */ = {isa = PBXBuildFile; fileRef = F894916C2B9B85EE00437A2E /* MyRepliesView.swift */; };
		F894916F2B9B911F00437A2E /* Secrets.xcconfig in Resources */ = {isa = PBXBuildFile; fileRef = F894916E2B9B90FF00437A2E /* Secrets.xcconfig */; };
		F8F7FF982BAF184300BC49E8 /* UIColor+Extensions.swift in Sources */ = {isa = PBXBuildFile; fileRef = F8F7FF972BAF184300BC49E8 /* UIColor+Extensions.swift */; };
		F8F7FF9E2BAF1ACB00BC49E8 /* Common.swift in Sources */ = {isa = PBXBuildFile; fileRef = F8F7FF9D2BAF1ACB00BC49E8 /* Common.swift */; };
		F8F7FFA22BAF24B800BC49E8 /* MyReplyCellView.swift in Sources */ = {isa = PBXBuildFile; fileRef = F8F7FFA12BAF24B800BC49E8 /* MyReplyCellView.swift */; };
		F8F7FFA42BAF24EF00BC49E8 /* MyPostCellView.swift in Sources */ = {isa = PBXBuildFile; fileRef = F8F7FFA32BAF24EF00BC49E8 /* MyPostCellView.swift */; };
		F8F7FFA62BAF37A700BC49E8 /* AuthManager.swift in Sources */ = {isa = PBXBuildFile; fileRef = F8F7FFA52BAF37A700BC49E8 /* AuthManager.swift */; };
		F8F7FFA82BAF37E500BC49E8 /* ScrapView.swift in Sources */ = {isa = PBXBuildFile; fileRef = F8F7FFA72BAF37E500BC49E8 /* ScrapView.swift */; };
		F8F7FFAA2BAF547D00BC49E8 /* LoginView.swift in Sources */ = {isa = PBXBuildFile; fileRef = F8F7FFA92BAF547D00BC49E8 /* LoginView.swift */; };
		F8F7FFAC2BAF549A00BC49E8 /* LoginViewModel.swift in Sources */ = {isa = PBXBuildFile; fileRef = F8F7FFAB2BAF549A00BC49E8 /* LoginViewModel.swift */; };
		F8F7FFAE2BAF54A700BC49E8 /* RegisterationViewModel.swift in Sources */ = {isa = PBXBuildFile; fileRef = F8F7FFAD2BAF54A700BC49E8 /* RegisterationViewModel.swift */; };
		F8F7FFB02BAF585400BC49E8 /* TeamViewModel.swift in Sources */ = {isa = PBXBuildFile; fileRef = F8F7FFAF2BAF585400BC49E8 /* TeamViewModel.swift */; };
		F8F7FFB42BAF660E00BC49E8 /* RepliesViewModel.swift in Sources */ = {isa = PBXBuildFile; fileRef = F8F7FFB32BAF660E00BC49E8 /* RepliesViewModel.swift */; };
		F8F7FFB62BAF70A100BC49E8 /* ReplyWriteViewModel.swift in Sources */ = {isa = PBXBuildFile; fileRef = F8F7FFB52BAF70A100BC49E8 /* ReplyWriteViewModel.swift */; };
		F8F7FFB82BAF72EB00BC49E8 /* PostWriteViewModel.swift in Sources */ = {isa = PBXBuildFile; fileRef = F8F7FFB72BAF72EB00BC49E8 /* PostWriteViewModel.swift */; };
		F8F7FFBA2BAF79B700BC49E8 /* TeamSelectView.swift in Sources */ = {isa = PBXBuildFile; fileRef = F8F7FFB92BAF79B700BC49E8 /* TeamSelectView.swift */; };
		F8F7FFBC2BB07BEF00BC49E8 /* PostDetailViewModel.swift in Sources */ = {isa = PBXBuildFile; fileRef = F8F7FFBB2BB07BEF00BC49E8 /* PostDetailViewModel.swift */; };
		F8F7FFBE2BB09ABA00BC49E8 /* HomeViewModel.swift in Sources */ = {isa = PBXBuildFile; fileRef = F8F7FFBD2BB09ABA00BC49E8 /* HomeViewModel.swift */; };
		F8FAF0822B9B052000C35971 /* JujamanruApp.swift in Sources */ = {isa = PBXBuildFile; fileRef = F8FAF0812B9B052000C35971 /* JujamanruApp.swift */; };
		F8FAF0842B9B052000C35971 /* ContentView.swift in Sources */ = {isa = PBXBuildFile; fileRef = F8FAF0832B9B052000C35971 /* ContentView.swift */; };
		F8FAF0862B9B052100C35971 /* Assets.xcassets in Resources */ = {isa = PBXBuildFile; fileRef = F8FAF0852B9B052100C35971 /* Assets.xcassets */; };
		F8FAF0892B9B052100C35971 /* Preview Assets.xcassets in Resources */ = {isa = PBXBuildFile; fileRef = F8FAF0882B9B052100C35971 /* Preview Assets.xcassets */; };
/* End PBXBuildFile section */

/* Begin PBXFileReference section */
		65CE7779DC3991A40A6ED020 /* Pods-Jujamanru.debug.xcconfig */ = {isa = PBXFileReference; includeInIndex = 1; lastKnownFileType = text.xcconfig; name = "Pods-Jujamanru.debug.xcconfig"; path = "Target Support Files/Pods-Jujamanru/Pods-Jujamanru.debug.xcconfig"; sourceTree = "<group>"; };
		69462E0A76BFB42569C83520 /* Pods_Jujamanru.framework */ = {isa = PBXFileReference; explicitFileType = wrapper.framework; includeInIndex = 0; path = Pods_Jujamanru.framework; sourceTree = BUILT_PRODUCTS_DIR; };
		821E480E96AE358325E0ABF0 /* Pods-Jujamanru.release.xcconfig */ = {isa = PBXFileReference; includeInIndex = 1; lastKnownFileType = text.xcconfig; name = "Pods-Jujamanru.release.xcconfig"; path = "Target Support Files/Pods-Jujamanru/Pods-Jujamanru.release.xcconfig"; sourceTree = "<group>"; };
		F8217C072BB209D000FA84EF /* PostEditViewModel.swift */ = {isa = PBXFileReference; lastKnownFileType = sourcecode.swift; path = PostEditViewModel.swift; sourceTree = "<group>"; };
		F8217C092BB20A8300FA84EF /* PostEditView.swift */ = {isa = PBXFileReference; lastKnownFileType = sourcecode.swift; path = PostEditView.swift; sourceTree = "<group>"; };
		F8217C0B2BB211D000FA84EF /* ReplyEditView.swift */ = {isa = PBXFileReference; lastKnownFileType = sourcecode.swift; path = ReplyEditView.swift; sourceTree = "<group>"; };
		F8217C0D2BB211DA00FA84EF /* ReplyEditViewModel.swift */ = {isa = PBXFileReference; lastKnownFileType = sourcecode.swift; path = ReplyEditViewModel.swift; sourceTree = "<group>"; };
		F8217C0F2BB23D5F00FA84EF /* RegisterationView.swift */ = {isa = PBXFileReference; lastKnownFileType = sourcecode.swift; path = RegisterationView.swift; sourceTree = "<group>"; };
		F89491212B9B080400437A2E /* View+Extensions.swift */ = {isa = PBXFileReference; lastKnownFileType = sourcecode.swift; path = "View+Extensions.swift"; sourceTree = "<group>"; };
		F89491232B9B083A00437A2E /* API.swift */ = {isa = PBXFileReference; lastKnownFileType = sourcecode.swift; path = API.swift; sourceTree = "<group>"; };
		F89491292B9B087200437A2E /* Bundle+Extensions.swift */ = {isa = PBXFileReference; lastKnownFileType = sourcecode.swift; path = "Bundle+Extensions.swift"; sourceTree = "<group>"; };
		F894912B2B9B088800437A2E /* NetworkManager.swift */ = {isa = PBXFileReference; lastKnownFileType = sourcecode.swift; path = NetworkManager.swift; sourceTree = "<group>"; };
		F894912D2B9B08A300437A2E /* User.swift */ = {isa = PBXFileReference; lastKnownFileType = sourcecode.swift; path = User.swift; sourceTree = "<group>"; };
		F894912F2B9B08B600437A2E /* Post.swift */ = {isa = PBXFileReference; lastKnownFileType = sourcecode.swift; path = Post.swift; sourceTree = "<group>"; };
		F89491312B9B08C100437A2E /* Notice.swift */ = {isa = PBXFileReference; lastKnownFileType = sourcecode.swift; path = Notice.swift; sourceTree = "<group>"; };
		F89491332B9B08D100437A2E /* Reply.swift */ = {isa = PBXFileReference; lastKnownFileType = sourcecode.swift; path = Reply.swift; sourceTree = "<group>"; };
		F89491352B9B0F4800437A2E /* Team.swift */ = {isa = PBXFileReference; lastKnownFileType = sourcecode.swift; path = Team.swift; sourceTree = "<group>"; };
		F894913A2B9B11BD00437A2E /* MyPageViewModel.swift */ = {isa = PBXFileReference; lastKnownFileType = sourcecode.swift; path = MyPageViewModel.swift; sourceTree = "<group>"; };
		F894913C2B9B120B00437A2E /* HomeView.swift */ = {isa = PBXFileReference; lastKnownFileType = sourcecode.swift; path = HomeView.swift; sourceTree = "<group>"; };
		F894913E2B9B121A00437A2E /* BoardView.swift */ = {isa = PBXFileReference; lastKnownFileType = sourcecode.swift; path = BoardView.swift; sourceTree = "<group>"; };
		F89491402B9B122000437A2E /* MyPageView.swift */ = {isa = PBXFileReference; lastKnownFileType = sourcecode.swift; path = MyPageView.swift; sourceTree = "<group>"; };
		F89491422B9B123600437A2E /* MainTabView.swift */ = {isa = PBXFileReference; lastKnownFileType = sourcecode.swift; path = MainTabView.swift; sourceTree = "<group>"; };
		F89491462B9B138D00437A2E /* PostCellView.swift */ = {isa = PBXFileReference; lastKnownFileType = sourcecode.swift; path = PostCellView.swift; sourceTree = "<group>"; };
		F89491482B9B13B300437A2E /* PostViewModel.swift */ = {isa = PBXFileReference; lastKnownFileType = sourcecode.swift; path = PostViewModel.swift; sourceTree = "<group>"; };
		F894914A2B9B160800437A2E /* PostsView.swift */ = {isa = PBXFileReference; lastKnownFileType = sourcecode.swift; path = PostsView.swift; sourceTree = "<group>"; };
		F894914C2B9B160F00437A2E /* PostDetailView.swift */ = {isa = PBXFileReference; lastKnownFileType = sourcecode.swift; path = PostDetailView.swift; sourceTree = "<group>"; };
		F894914E2B9B161800437A2E /* RepliesView.swift */ = {isa = PBXFileReference; lastKnownFileType = sourcecode.swift; path = RepliesView.swift; sourceTree = "<group>"; };
		F89491502B9B162300437A2E /* ReplyWriteView.swift */ = {isa = PBXFileReference; lastKnownFileType = sourcecode.swift; path = ReplyWriteView.swift; sourceTree = "<group>"; };
		F89491522B9B163B00437A2E /* BoardViewModel.swift */ = {isa = PBXFileReference; lastKnownFileType = sourcecode.swift; path = BoardViewModel.swift; sourceTree = "<group>"; };
		F89491542B9B663F00437A2E /* ProfileHeaderView.swift */ = {isa = PBXFileReference; lastKnownFileType = sourcecode.swift; path = ProfileHeaderView.swift; sourceTree = "<group>"; };
		F89491562B9B665A00437A2E /* ProfileImageView.swift */ = {isa = PBXFileReference; lastKnownFileType = sourcecode.swift; path = ProfileImageView.swift; sourceTree = "<group>"; };
		F89491582B9B66D500437A2E /* SettingView.swift */ = {isa = PBXFileReference; lastKnownFileType = sourcecode.swift; path = SettingView.swift; sourceTree = "<group>"; };
		F894915A2B9B6A6E00437A2E /* ReplyCellView.swift */ = {isa = PBXFileReference; lastKnownFileType = sourcecode.swift; path = ReplyCellView.swift; sourceTree = "<group>"; };
		F894915C2B9B6A8200437A2E /* ReplyViewModel.swift */ = {isa = PBXFileReference; lastKnownFileType = sourcecode.swift; path = ReplyViewModel.swift; sourceTree = "<group>"; };
		F89491602B9B712F00437A2E /* PostHeaderView.swift */ = {isa = PBXFileReference; lastKnownFileType = sourcecode.swift; path = PostHeaderView.swift; sourceTree = "<group>"; };
		F89491622B9B73F000437A2E /* PostTextView.swift */ = {isa = PBXFileReference; lastKnownFileType = sourcecode.swift; path = PostTextView.swift; sourceTree = "<group>"; };
		F89491642B9B7BA300437A2E /* PostWriteView.swift */ = {isa = PBXFileReference; lastKnownFileType = sourcecode.swift; path = PostWriteView.swift; sourceTree = "<group>"; };
		F89491682B9B7DC500437A2E /* DatetimeUtils.swift */ = {isa = PBXFileReference; lastKnownFileType = sourcecode.swift; path = DatetimeUtils.swift; sourceTree = "<group>"; };
		F894916A2B9B85E500437A2E /* MyPostsView.swift */ = {isa = PBXFileReference; lastKnownFileType = sourcecode.swift; path = MyPostsView.swift; sourceTree = "<group>"; };
		F894916C2B9B85EE00437A2E /* MyRepliesView.swift */ = {isa = PBXFileReference; lastKnownFileType = sourcecode.swift; path = MyRepliesView.swift; sourceTree = "<group>"; };
		F894916E2B9B90FF00437A2E /* Secrets.xcconfig */ = {isa = PBXFileReference; lastKnownFileType = text.xcconfig; path = Secrets.xcconfig; sourceTree = "<group>"; };
		F8F7FF972BAF184300BC49E8 /* UIColor+Extensions.swift */ = {isa = PBXFileReference; lastKnownFileType = sourcecode.swift; path = "UIColor+Extensions.swift"; sourceTree = "<group>"; };
		F8F7FF9D2BAF1ACB00BC49E8 /* Common.swift */ = {isa = PBXFileReference; lastKnownFileType = sourcecode.swift; path = Common.swift; sourceTree = "<group>"; };
		F8F7FFA12BAF24B800BC49E8 /* MyReplyCellView.swift */ = {isa = PBXFileReference; lastKnownFileType = sourcecode.swift; path = MyReplyCellView.swift; sourceTree = "<group>"; };
		F8F7FFA32BAF24EF00BC49E8 /* MyPostCellView.swift */ = {isa = PBXFileReference; lastKnownFileType = sourcecode.swift; path = MyPostCellView.swift; sourceTree = "<group>"; };
		F8F7FFA52BAF37A700BC49E8 /* AuthManager.swift */ = {isa = PBXFileReference; lastKnownFileType = sourcecode.swift; path = AuthManager.swift; sourceTree = "<group>"; };
		F8F7FFA72BAF37E500BC49E8 /* ScrapView.swift */ = {isa = PBXFileReference; lastKnownFileType = sourcecode.swift; path = ScrapView.swift; sourceTree = "<group>"; };
		F8F7FFA92BAF547D00BC49E8 /* LoginView.swift */ = {isa = PBXFileReference; lastKnownFileType = sourcecode.swift; path = LoginView.swift; sourceTree = "<group>"; };
		F8F7FFAB2BAF549A00BC49E8 /* LoginViewModel.swift */ = {isa = PBXFileReference; lastKnownFileType = sourcecode.swift; path = LoginViewModel.swift; sourceTree = "<group>"; };
		F8F7FFAD2BAF54A700BC49E8 /* RegisterationViewModel.swift */ = {isa = PBXFileReference; lastKnownFileType = sourcecode.swift; path = RegisterationViewModel.swift; sourceTree = "<group>"; };
		F8F7FFAF2BAF585400BC49E8 /* TeamViewModel.swift */ = {isa = PBXFileReference; lastKnownFileType = sourcecode.swift; path = TeamViewModel.swift; sourceTree = "<group>"; };
		F8F7FFB32BAF660E00BC49E8 /* RepliesViewModel.swift */ = {isa = PBXFileReference; lastKnownFileType = sourcecode.swift; path = RepliesViewModel.swift; sourceTree = "<group>"; };
		F8F7FFB52BAF70A100BC49E8 /* ReplyWriteViewModel.swift */ = {isa = PBXFileReference; lastKnownFileType = sourcecode.swift; path = ReplyWriteViewModel.swift; sourceTree = "<group>"; };
		F8F7FFB72BAF72EB00BC49E8 /* PostWriteViewModel.swift */ = {isa = PBXFileReference; lastKnownFileType = sourcecode.swift; path = PostWriteViewModel.swift; sourceTree = "<group>"; };
		F8F7FFB92BAF79B700BC49E8 /* TeamSelectView.swift */ = {isa = PBXFileReference; lastKnownFileType = sourcecode.swift; path = TeamSelectView.swift; sourceTree = "<group>"; };
		F8F7FFBB2BB07BEF00BC49E8 /* PostDetailViewModel.swift */ = {isa = PBXFileReference; lastKnownFileType = sourcecode.swift; path = PostDetailViewModel.swift; sourceTree = "<group>"; };
		F8F7FFBD2BB09ABA00BC49E8 /* HomeViewModel.swift */ = {isa = PBXFileReference; lastKnownFileType = sourcecode.swift; path = HomeViewModel.swift; sourceTree = "<group>"; };
		F8FAF07E2B9B052000C35971 /* Jujamanru.app */ = {isa = PBXFileReference; explicitFileType = wrapper.application; includeInIndex = 0; path = Jujamanru.app; sourceTree = BUILT_PRODUCTS_DIR; };
		F8FAF0812B9B052000C35971 /* JujamanruApp.swift */ = {isa = PBXFileReference; lastKnownFileType = sourcecode.swift; path = JujamanruApp.swift; sourceTree = "<group>"; };
		F8FAF0832B9B052000C35971 /* ContentView.swift */ = {isa = PBXFileReference; lastKnownFileType = sourcecode.swift; path = ContentView.swift; sourceTree = "<group>"; };
		F8FAF0852B9B052100C35971 /* Assets.xcassets */ = {isa = PBXFileReference; lastKnownFileType = folder.assetcatalog; path = Assets.xcassets; sourceTree = "<group>"; };
		F8FAF0882B9B052100C35971 /* Preview Assets.xcassets */ = {isa = PBXFileReference; lastKnownFileType = folder.assetcatalog; path = "Preview Assets.xcassets"; sourceTree = "<group>"; };
/* End PBXFileReference section */

/* Begin PBXFrameworksBuildPhase section */
		F8FAF07B2B9B052000C35971 /* Frameworks */ = {
			isa = PBXFrameworksBuildPhase;
			buildActionMask = 2147483647;
			files = (
				1EEA78DEE5FAAE0174C8CAB0 /* Pods_Jujamanru.framework in Frameworks */,
			);
			runOnlyForDeploymentPostprocessing = 0;
		};
/* End PBXFrameworksBuildPhase section */

/* Begin PBXGroup section */
		66F49DE44A141CBCAA141CFD /* Pods */ = {
			isa = PBXGroup;
			children = (
				65CE7779DC3991A40A6ED020 /* Pods-Jujamanru.debug.xcconfig */,
				821E480E96AE358325E0ABF0 /* Pods-Jujamanru.release.xcconfig */,
			);
			path = Pods;
			sourceTree = "<group>";
		};
		DB3CE83492EE952AB28A7FF6 /* Frameworks */ = {
			isa = PBXGroup;
			children = (
				69462E0A76BFB42569C83520 /* Pods_Jujamanru.framework */,
			);
			name = Frameworks;
			sourceTree = "<group>";
		};
		F894911A2B9B075400437A2E /* Util */ = {
			isa = PBXGroup;
			children = (
				F89491682B9B7DC500437A2E /* DatetimeUtils.swift */,
			);
			path = Util;
			sourceTree = "<group>";
		};
		F894911B2B9B075B00437A2E /* Extension */ = {
			isa = PBXGroup;
			children = (
				F89491212B9B080400437A2E /* View+Extensions.swift */,
				F89491292B9B087200437A2E /* Bundle+Extensions.swift */,
				F8F7FF972BAF184300BC49E8 /* UIColor+Extensions.swift */,
			);
			path = Extension;
			sourceTree = "<group>";
		};
		F894911C2B9B076200437A2E /* Network */ = {
			isa = PBXGroup;
			children = (
				F89491232B9B083A00437A2E /* API.swift */,
				F894912B2B9B088800437A2E /* NetworkManager.swift */,
				F8F7FFA52BAF37A700BC49E8 /* AuthManager.swift */,
			);
			path = Network;
			sourceTree = "<group>";
		};
		F894911D2B9B076800437A2E /* Model */ = {
			isa = PBXGroup;
			children = (
				F894912D2B9B08A300437A2E /* User.swift */,
				F894912F2B9B08B600437A2E /* Post.swift */,
				F89491312B9B08C100437A2E /* Notice.swift */,
				F89491332B9B08D100437A2E /* Reply.swift */,
				F89491352B9B0F4800437A2E /* Team.swift */,
				F8F7FF9D2BAF1ACB00BC49E8 /* Common.swift */,
			);
			path = Model;
			sourceTree = "<group>";
		};
		F894911F2B9B077500437A2E /* Core */ = {
			isa = PBXGroup;
			children = (
				F89491422B9B123600437A2E /* MainTabView.swift */,
				F8FFF2A22C04A0B90015DAE6 /* General */,
				F89491442B9B12ED00437A2E /* Login */,
				F89491372B9B118100437A2E /* Home */,
				F89491392B9B119100437A2E /* Board */,
				F89491382B9B118700437A2E /* MyPage */,
			);
			path = Core;
			sourceTree = "<group>";
		};
		F89491372B9B118100437A2E /* Home */ = {
			isa = PBXGroup;
			children = (
				F8FFF2A32C04A0BF0015DAE6 /* View */,
				F8F7FFBD2BB09ABA00BC49E8 /* HomeViewModel.swift */,
			);
			path = Home;
			sourceTree = "<group>";
		};
		F89491382B9B118700437A2E /* MyPage */ = {
			isa = PBXGroup;
			children = (
				F8FFF2A82C04A56C0015DAE6 /* Main */,
				F8FFF2A52C04A0EC0015DAE6 /* Detail */,
				F894913A2B9B11BD00437A2E /* MyPageViewModel.swift */,
			);
			path = MyPage;
			sourceTree = "<group>";
		};
		F89491392B9B119100437A2E /* Board */ = {
			isa = PBXGroup;
			children = (
				F8FFF2A92C04A5770015DAE6 /* Main */,
				F8FFF2A72C04A2B70015DAE6 /* Post */,
				F8FFF2A42C04A0C60015DAE6 /* Reply */,
				F89491522B9B163B00437A2E /* BoardViewModel.swift */,
				F8F7FFBB2BB07BEF00BC49E8 /* PostDetailViewModel.swift */,
				F8F7FFB72BAF72EB00BC49E8 /* PostWriteViewModel.swift */,
				F8217C072BB209D000FA84EF /* PostEditViewModel.swift */,
				F8F7FFAF2BAF585400BC49E8 /* TeamViewModel.swift */,
				F8F7FFB32BAF660E00BC49E8 /* RepliesViewModel.swift */,
				F894915C2B9B6A8200437A2E /* ReplyViewModel.swift */,
				F8F7FFB52BAF70A100BC49E8 /* ReplyWriteViewModel.swift */,
				F8217C0D2BB211DA00FA84EF /* ReplyEditViewModel.swift */,
				F89491482B9B13B300437A2E /* PostViewModel.swift */,
			);
			path = Board;
			sourceTree = "<group>";
		};
		F89491442B9B12ED00437A2E /* Login */ = {
			isa = PBXGroup;
			children = (
				F8FFF2A12C04A0B10015DAE6 /* View */,
				F8F7FFAD2BAF54A700BC49E8 /* RegisterationViewModel.swift */,
				F8F7FFAB2BAF549A00BC49E8 /* LoginViewModel.swift */,
			);
			path = Login;
			sourceTree = "<group>";
		};
		F8FAF0752B9B052000C35971 = {
			isa = PBXGroup;
			children = (
				F8FAF0802B9B052000C35971 /* Jujamanru */,
				F8FAF07F2B9B052000C35971 /* Products */,
				66F49DE44A141CBCAA141CFD /* Pods */,
				DB3CE83492EE952AB28A7FF6 /* Frameworks */,
			);
			sourceTree = "<group>";
		};
		F8FAF07F2B9B052000C35971 /* Products */ = {
			isa = PBXGroup;
			children = (
				F8FAF07E2B9B052000C35971 /* Jujamanru.app */,
			);
			name = Products;
			sourceTree = "<group>";
		};
		F8FAF0802B9B052000C35971 /* Jujamanru */ = {
			isa = PBXGroup;
			children = (
				F894911F2B9B077500437A2E /* Core */,
				F894911D2B9B076800437A2E /* Model */,
				F894911C2B9B076200437A2E /* Network */,
				F894911B2B9B075B00437A2E /* Extension */,
				F894911A2B9B075400437A2E /* Util */,
				F8FAF0812B9B052000C35971 /* JujamanruApp.swift */,
				F8FAF0832B9B052000C35971 /* ContentView.swift */,
				F894916E2B9B90FF00437A2E /* Secrets.xcconfig */,
				F8FAF0852B9B052100C35971 /* Assets.xcassets */,
				F8FAF0872B9B052100C35971 /* Preview Content */,
			);
			path = Jujamanru;
			sourceTree = "<group>";
		};
		F8FAF0872B9B052100C35971 /* Preview Content */ = {
			isa = PBXGroup;
			children = (
				F8FAF0882B9B052100C35971 /* Preview Assets.xcassets */,
			);
			path = "Preview Content";
			sourceTree = "<group>";
		};
		F8FFF2A12C04A0B10015DAE6 /* View */ = {
			isa = PBXGroup;
			children = (
				F8F7FFA92BAF547D00BC49E8 /* LoginView.swift */,
				F8217C0F2BB23D5F00FA84EF /* RegisterationView.swift */,
			);
			path = View;
			sourceTree = "<group>";
		};
		F8FFF2A22C04A0B90015DAE6 /* General */ = {
			isa = PBXGroup;
			children = (
				F89491462B9B138D00437A2E /* PostCellView.swift */,
				F894915A2B9B6A6E00437A2E /* ReplyCellView.swift */,
			);
			path = General;
			sourceTree = "<group>";
		};
		F8FFF2A32C04A0BF0015DAE6 /* View */ = {
			isa = PBXGroup;
			children = (
				F894913C2B9B120B00437A2E /* HomeView.swift */,
			);
			path = View;
			sourceTree = "<group>";
		};
		F8FFF2A42C04A0C60015DAE6 /* Reply */ = {
			isa = PBXGroup;
			children = (
				F894914E2B9B161800437A2E /* RepliesView.swift */,
				F89491502B9B162300437A2E /* ReplyWriteView.swift */,
				F8217C0B2BB211D000FA84EF /* ReplyEditView.swift */,
			);
			path = Reply;
			sourceTree = "<group>";
		};
		F8FFF2A52C04A0EC0015DAE6 /* Detail */ = {
			isa = PBXGroup;
			children = (
				F894916A2B9B85E500437A2E /* MyPostsView.swift */,
				F8F7FFA32BAF24EF00BC49E8 /* MyPostCellView.swift */,
				F894916C2B9B85EE00437A2E /* MyRepliesView.swift */,
				F8F7FFA12BAF24B800BC49E8 /* MyReplyCellView.swift */,
				F8F7FFA72BAF37E500BC49E8 /* ScrapView.swift */,
			);
			path = Detail;
			sourceTree = "<group>";
		};
		F8FFF2A72C04A2B70015DAE6 /* Post */ = {
			isa = PBXGroup;
			children = (
				F894914A2B9B160800437A2E /* PostsView.swift */,
				F894914C2B9B160F00437A2E /* PostDetailView.swift */,
				F89491602B9B712F00437A2E /* PostHeaderView.swift */,
				F89491622B9B73F000437A2E /* PostTextView.swift */,
				F89491642B9B7BA300437A2E /* PostWriteView.swift */,
				F8217C092BB20A8300FA84EF /* PostEditView.swift */,
			);
			path = Post;
			sourceTree = "<group>";
		};
		F8FFF2A82C04A56C0015DAE6 /* Main */ = {
			isa = PBXGroup;
			children = (
				F89491402B9B122000437A2E /* MyPageView.swift */,
				F89491542B9B663F00437A2E /* ProfileHeaderView.swift */,
				F89491562B9B665A00437A2E /* ProfileImageView.swift */,
				F89491582B9B66D500437A2E /* SettingView.swift */,
				F8F7FFB92BAF79B700BC49E8 /* TeamSelectView.swift */,
			);
			path = Main;
			sourceTree = "<group>";
		};
		F8FFF2A92C04A5770015DAE6 /* Main */ = {
			isa = PBXGroup;
			children = (
				F894913E2B9B121A00437A2E /* BoardView.swift */,
			);
			path = Main;
			sourceTree = "<group>";
		};
/* End PBXGroup section */

/* Begin PBXNativeTarget section */
		F8FAF07D2B9B052000C35971 /* Jujamanru */ = {
			isa = PBXNativeTarget;
			buildConfigurationList = F8FAF08C2B9B052100C35971 /* Build configuration list for PBXNativeTarget "Jujamanru" */;
			buildPhases = (
				4C027B3DC32CA948A9D56B0F /* [CP] Check Pods Manifest.lock */,
				F8FAF07A2B9B052000C35971 /* Sources */,
				F8FAF07B2B9B052000C35971 /* Frameworks */,
				F8FAF07C2B9B052000C35971 /* Resources */,
				F700F63D709F236F657D4229 /* [CP] Embed Pods Frameworks */,
			);
			buildRules = (
			);
			dependencies = (
			);
			name = Jujamanru;
			productName = Jujamanru;
			productReference = F8FAF07E2B9B052000C35971 /* Jujamanru.app */;
			productType = "com.apple.product-type.application";
		};
/* End PBXNativeTarget section */

/* Begin PBXProject section */
		F8FAF0762B9B052000C35971 /* Project object */ = {
			isa = PBXProject;
			attributes = {
				BuildIndependentTargetsInParallel = 1;
				LastSwiftUpdateCheck = 1520;
				LastUpgradeCheck = 1520;
				TargetAttributes = {
					F8FAF07D2B9B052000C35971 = {
						CreatedOnToolsVersion = 15.2;
					};
				};
			};
			buildConfigurationList = F8FAF0792B9B052000C35971 /* Build configuration list for PBXProject "Jujamanru" */;
			compatibilityVersion = "Xcode 14.0";
			developmentRegion = en;
			hasScannedForEncodings = 0;
			knownRegions = (
				en,
				Base,
			);
			mainGroup = F8FAF0752B9B052000C35971;
			productRefGroup = F8FAF07F2B9B052000C35971 /* Products */;
			projectDirPath = "";
			projectRoot = "";
			targets = (
				F8FAF07D2B9B052000C35971 /* Jujamanru */,
			);
		};
/* End PBXProject section */

/* Begin PBXResourcesBuildPhase section */
		F8FAF07C2B9B052000C35971 /* Resources */ = {
			isa = PBXResourcesBuildPhase;
			buildActionMask = 2147483647;
			files = (
				F8FAF0892B9B052100C35971 /* Preview Assets.xcassets in Resources */,
				F8FAF0862B9B052100C35971 /* Assets.xcassets in Resources */,
				F894916F2B9B911F00437A2E /* Secrets.xcconfig in Resources */,
			);
			runOnlyForDeploymentPostprocessing = 0;
		};
/* End PBXResourcesBuildPhase section */

/* Begin PBXShellScriptBuildPhase section */
		4C027B3DC32CA948A9D56B0F /* [CP] Check Pods Manifest.lock */ = {
			isa = PBXShellScriptBuildPhase;
			buildActionMask = 2147483647;
			files = (
			);
			inputFileListPaths = (
			);
			inputPaths = (
				"${PODS_PODFILE_DIR_PATH}/Podfile.lock",
				"${PODS_ROOT}/Manifest.lock",
			);
			name = "[CP] Check Pods Manifest.lock";
			outputFileListPaths = (
			);
			outputPaths = (
				"$(DERIVED_FILE_DIR)/Pods-Jujamanru-checkManifestLockResult.txt",
			);
			runOnlyForDeploymentPostprocessing = 0;
			shellPath = /bin/sh;
			shellScript = "diff \"${PODS_PODFILE_DIR_PATH}/Podfile.lock\" \"${PODS_ROOT}/Manifest.lock\" > /dev/null\nif [ $? != 0 ] ; then\n    # print error to STDERR\n    echo \"error: The sandbox is not in sync with the Podfile.lock. Run 'pod install' or update your CocoaPods installation.\" >&2\n    exit 1\nfi\n# This output is used by Xcode 'outputs' to avoid re-running this script phase.\necho \"SUCCESS\" > \"${SCRIPT_OUTPUT_FILE_0}\"\n";
			showEnvVarsInLog = 0;
		};
		F700F63D709F236F657D4229 /* [CP] Embed Pods Frameworks */ = {
			isa = PBXShellScriptBuildPhase;
			buildActionMask = 2147483647;
			files = (
			);
			inputFileListPaths = (
				"${PODS_ROOT}/Target Support Files/Pods-Jujamanru/Pods-Jujamanru-frameworks-${CONFIGURATION}-input-files.xcfilelist",
			);
			name = "[CP] Embed Pods Frameworks";
			outputFileListPaths = (
				"${PODS_ROOT}/Target Support Files/Pods-Jujamanru/Pods-Jujamanru-frameworks-${CONFIGURATION}-output-files.xcfilelist",
			);
			runOnlyForDeploymentPostprocessing = 0;
			shellPath = /bin/sh;
			shellScript = "\"${PODS_ROOT}/Target Support Files/Pods-Jujamanru/Pods-Jujamanru-frameworks.sh\"\n";
			showEnvVarsInLog = 0;
		};
/* End PBXShellScriptBuildPhase section */

/* Begin PBXSourcesBuildPhase section */
		F8FAF07A2B9B052000C35971 /* Sources */ = {
			isa = PBXSourcesBuildPhase;
			buildActionMask = 2147483647;
			files = (
				F8217C0E2BB211DA00FA84EF /* ReplyEditViewModel.swift in Sources */,
				F894913B2B9B11BD00437A2E /* MyPageViewModel.swift in Sources */,
				F894913D2B9B120B00437A2E /* HomeView.swift in Sources */,
				F8217C082BB209D000FA84EF /* PostEditViewModel.swift in Sources */,
				F89491362B9B0F4800437A2E /* Team.swift in Sources */,
				F8FAF0842B9B052000C35971 /* ContentView.swift in Sources */,
				F8F7FFB62BAF70A100BC49E8 /* ReplyWriteViewModel.swift in Sources */,
				F8217C0A2BB20A8300FA84EF /* PostEditView.swift in Sources */,
				F89491572B9B665A00437A2E /* ProfileImageView.swift in Sources */,
				F89491532B9B163B00437A2E /* BoardViewModel.swift in Sources */,
				F8F7FFA42BAF24EF00BC49E8 /* MyPostCellView.swift in Sources */,
				F89491222B9B080400437A2E /* View+Extensions.swift in Sources */,
				F8F7FFBC2BB07BEF00BC49E8 /* PostDetailViewModel.swift in Sources */,
				F8F7FF982BAF184300BC49E8 /* UIColor+Extensions.swift in Sources */,
				F8F7FFA62BAF37A700BC49E8 /* AuthManager.swift in Sources */,
				F89491242B9B083A00437A2E /* API.swift in Sources */,
				F89491472B9B138D00437A2E /* PostCellView.swift in Sources */,
				F894915B2B9B6A6E00437A2E /* ReplyCellView.swift in Sources */,
				F894912C2B9B088800437A2E /* NetworkManager.swift in Sources */,
				F89491612B9B712F00437A2E /* PostHeaderView.swift in Sources */,
				F8F7FFB82BAF72EB00BC49E8 /* PostWriteViewModel.swift in Sources */,
				F894912E2B9B08A300437A2E /* User.swift in Sources */,
				F89491322B9B08C100437A2E /* Notice.swift in Sources */,
				F89491432B9B123600437A2E /* MainTabView.swift in Sources */,
				F89491552B9B663F00437A2E /* ProfileHeaderView.swift in Sources */,
				F894915D2B9B6A8200437A2E /* ReplyViewModel.swift in Sources */,
				F8F7FFAC2BAF549A00BC49E8 /* LoginViewModel.swift in Sources */,
				F89491412B9B122000437A2E /* MyPageView.swift in Sources */,
				F894912A2B9B087200437A2E /* Bundle+Extensions.swift in Sources */,
				F8F7FFBA2BAF79B700BC49E8 /* TeamSelectView.swift in Sources */,
				F8F7FFB42BAF660E00BC49E8 /* RepliesViewModel.swift in Sources */,
				F8F7FFAE2BAF54A700BC49E8 /* RegisterationViewModel.swift in Sources */,
				F8217C0C2BB211D000FA84EF /* ReplyEditView.swift in Sources */,
				F89491302B9B08B600437A2E /* Post.swift in Sources */,
				F8F7FFA82BAF37E500BC49E8 /* ScrapView.swift in Sources */,
				F89491632B9B73F000437A2E /* PostTextView.swift in Sources */,
				F8FAF0822B9B052000C35971 /* JujamanruApp.swift in Sources */,
				F8F7FFBE2BB09ABA00BC49E8 /* HomeViewModel.swift in Sources */,
				F894916D2B9B85EE00437A2E /* MyRepliesView.swift in Sources */,
				F89491342B9B08D100437A2E /* Reply.swift in Sources */,
				F894914F2B9B161800437A2E /* RepliesView.swift in Sources */,
				F89491592B9B66D500437A2E /* SettingView.swift in Sources */,
				F89491652B9B7BA400437A2E /* PostWriteView.swift in Sources */,
				F894913F2B9B121A00437A2E /* BoardView.swift in Sources */,
				F8F7FFB02BAF585400BC49E8 /* TeamViewModel.swift in Sources */,
				F89491692B9B7DC500437A2E /* DatetimeUtils.swift in Sources */,
				F8F7FFA22BAF24B800BC49E8 /* MyReplyCellView.swift in Sources */,
				F894914D2B9B160F00437A2E /* PostDetailView.swift in Sources */,
				F8F7FFAA2BAF547D00BC49E8 /* LoginView.swift in Sources */,
				F894914B2B9B160800437A2E /* PostsView.swift in Sources */,
				F8F7FF9E2BAF1ACB00BC49E8 /* Common.swift in Sources */,
				F89491492B9B13B300437A2E /* PostViewModel.swift in Sources */,
				F8217C102BB23D5F00FA84EF /* RegisterationView.swift in Sources */,
				F894916B2B9B85E500437A2E /* MyPostsView.swift in Sources */,
				F89491512B9B162300437A2E /* ReplyWriteView.swift in Sources */,
			);
			runOnlyForDeploymentPostprocessing = 0;
		};
/* End PBXSourcesBuildPhase section */

/* Begin XCBuildConfiguration section */
		F8FAF08A2B9B052100C35971 /* Debug */ = {
			isa = XCBuildConfiguration;
			buildSettings = {
				ALWAYS_SEARCH_USER_PATHS = NO;
				ASSETCATALOG_COMPILER_GENERATE_SWIFT_ASSET_SYMBOL_EXTENSIONS = YES;
				CLANG_ANALYZER_NONNULL = YES;
				CLANG_ANALYZER_NUMBER_OBJECT_CONVERSION = YES_AGGRESSIVE;
				CLANG_CXX_LANGUAGE_STANDARD = "gnu++20";
				CLANG_ENABLE_MODULES = YES;
				CLANG_ENABLE_OBJC_ARC = YES;
				CLANG_ENABLE_OBJC_WEAK = YES;
				CLANG_WARN_BLOCK_CAPTURE_AUTORELEASING = YES;
				CLANG_WARN_BOOL_CONVERSION = YES;
				CLANG_WARN_COMMA = YES;
				CLANG_WARN_CONSTANT_CONVERSION = YES;
				CLANG_WARN_DEPRECATED_OBJC_IMPLEMENTATIONS = YES;
				CLANG_WARN_DIRECT_OBJC_ISA_USAGE = YES_ERROR;
				CLANG_WARN_DOCUMENTATION_COMMENTS = YES;
				CLANG_WARN_EMPTY_BODY = YES;
				CLANG_WARN_ENUM_CONVERSION = YES;
				CLANG_WARN_INFINITE_RECURSION = YES;
				CLANG_WARN_INT_CONVERSION = YES;
				CLANG_WARN_NON_LITERAL_NULL_CONVERSION = YES;
				CLANG_WARN_OBJC_IMPLICIT_RETAIN_SELF = YES;
				CLANG_WARN_OBJC_LITERAL_CONVERSION = YES;
				CLANG_WARN_OBJC_ROOT_CLASS = YES_ERROR;
				CLANG_WARN_QUOTED_INCLUDE_IN_FRAMEWORK_HEADER = YES;
				CLANG_WARN_RANGE_LOOP_ANALYSIS = YES;
				CLANG_WARN_STRICT_PROTOTYPES = YES;
				CLANG_WARN_SUSPICIOUS_MOVE = YES;
				CLANG_WARN_UNGUARDED_AVAILABILITY = YES_AGGRESSIVE;
				CLANG_WARN_UNREACHABLE_CODE = YES;
				CLANG_WARN__DUPLICATE_METHOD_MATCH = YES;
				COPY_PHASE_STRIP = NO;
				DEBUG_INFORMATION_FORMAT = dwarf;
				ENABLE_STRICT_OBJC_MSGSEND = YES;
				ENABLE_TESTABILITY = YES;
				ENABLE_USER_SCRIPT_SANDBOXING = NO;
				GCC_C_LANGUAGE_STANDARD = gnu17;
				GCC_DYNAMIC_NO_PIC = NO;
				GCC_NO_COMMON_BLOCKS = YES;
				GCC_OPTIMIZATION_LEVEL = 0;
				GCC_PREPROCESSOR_DEFINITIONS = (
					"DEBUG=1",
					"$(inherited)",
				);
				GCC_WARN_64_TO_32_BIT_CONVERSION = YES;
				GCC_WARN_ABOUT_RETURN_TYPE = YES_ERROR;
				GCC_WARN_UNDECLARED_SELECTOR = YES;
				GCC_WARN_UNINITIALIZED_AUTOS = YES_AGGRESSIVE;
				GCC_WARN_UNUSED_FUNCTION = YES;
				GCC_WARN_UNUSED_VARIABLE = YES;
				IPHONEOS_DEPLOYMENT_TARGET = 16.0;
				LOCALIZATION_PREFERS_STRING_CATALOGS = YES;
				MTL_ENABLE_DEBUG_INFO = INCLUDE_SOURCE;
				MTL_FAST_MATH = YES;
				ONLY_ACTIVE_ARCH = YES;
				SDKROOT = iphoneos;
				SWIFT_ACTIVE_COMPILATION_CONDITIONS = "DEBUG $(inherited)";
				SWIFT_OPTIMIZATION_LEVEL = "-Onone";
			};
			name = Debug;
		};
		F8FAF08B2B9B052100C35971 /* Release */ = {
			isa = XCBuildConfiguration;
			buildSettings = {
				ALWAYS_SEARCH_USER_PATHS = NO;
				ASSETCATALOG_COMPILER_GENERATE_SWIFT_ASSET_SYMBOL_EXTENSIONS = YES;
				CLANG_ANALYZER_NONNULL = YES;
				CLANG_ANALYZER_NUMBER_OBJECT_CONVERSION = YES_AGGRESSIVE;
				CLANG_CXX_LANGUAGE_STANDARD = "gnu++20";
				CLANG_ENABLE_MODULES = YES;
				CLANG_ENABLE_OBJC_ARC = YES;
				CLANG_ENABLE_OBJC_WEAK = YES;
				CLANG_WARN_BLOCK_CAPTURE_AUTORELEASING = YES;
				CLANG_WARN_BOOL_CONVERSION = YES;
				CLANG_WARN_COMMA = YES;
				CLANG_WARN_CONSTANT_CONVERSION = YES;
				CLANG_WARN_DEPRECATED_OBJC_IMPLEMENTATIONS = YES;
				CLANG_WARN_DIRECT_OBJC_ISA_USAGE = YES_ERROR;
				CLANG_WARN_DOCUMENTATION_COMMENTS = YES;
				CLANG_WARN_EMPTY_BODY = YES;
				CLANG_WARN_ENUM_CONVERSION = YES;
				CLANG_WARN_INFINITE_RECURSION = YES;
				CLANG_WARN_INT_CONVERSION = YES;
				CLANG_WARN_NON_LITERAL_NULL_CONVERSION = YES;
				CLANG_WARN_OBJC_IMPLICIT_RETAIN_SELF = YES;
				CLANG_WARN_OBJC_LITERAL_CONVERSION = YES;
				CLANG_WARN_OBJC_ROOT_CLASS = YES_ERROR;
				CLANG_WARN_QUOTED_INCLUDE_IN_FRAMEWORK_HEADER = YES;
				CLANG_WARN_RANGE_LOOP_ANALYSIS = YES;
				CLANG_WARN_STRICT_PROTOTYPES = YES;
				CLANG_WARN_SUSPICIOUS_MOVE = YES;
				CLANG_WARN_UNGUARDED_AVAILABILITY = YES_AGGRESSIVE;
				CLANG_WARN_UNREACHABLE_CODE = YES;
				CLANG_WARN__DUPLICATE_METHOD_MATCH = YES;
				COPY_PHASE_STRIP = NO;
				DEBUG_INFORMATION_FORMAT = "dwarf-with-dsym";
				ENABLE_NS_ASSERTIONS = NO;
				ENABLE_STRICT_OBJC_MSGSEND = YES;
				ENABLE_USER_SCRIPT_SANDBOXING = NO;
				GCC_C_LANGUAGE_STANDARD = gnu17;
				GCC_NO_COMMON_BLOCKS = YES;
				GCC_WARN_64_TO_32_BIT_CONVERSION = YES;
				GCC_WARN_ABOUT_RETURN_TYPE = YES_ERROR;
				GCC_WARN_UNDECLARED_SELECTOR = YES;
				GCC_WARN_UNINITIALIZED_AUTOS = YES_AGGRESSIVE;
				GCC_WARN_UNUSED_FUNCTION = YES;
				GCC_WARN_UNUSED_VARIABLE = YES;
				IPHONEOS_DEPLOYMENT_TARGET = 16.0;
				LOCALIZATION_PREFERS_STRING_CATALOGS = YES;
				MTL_ENABLE_DEBUG_INFO = NO;
				MTL_FAST_MATH = YES;
				SDKROOT = iphoneos;
				SWIFT_COMPILATION_MODE = wholemodule;
				VALIDATE_PRODUCT = YES;
			};
			name = Release;
		};
		F8FAF08D2B9B052100C35971 /* Debug */ = {
			isa = XCBuildConfiguration;
			baseConfigurationReference = 65CE7779DC3991A40A6ED020 /* Pods-Jujamanru.debug.xcconfig */;
			buildSettings = {
				ASSETCATALOG_COMPILER_APPICON_NAME = AppIcon;
				ASSETCATALOG_COMPILER_GLOBAL_ACCENT_COLOR_NAME = AccentColor;
				CODE_SIGN_STYLE = Automatic;
				CURRENT_PROJECT_VERSION = 1;
				DEVELOPMENT_ASSET_PATHS = "\"Jujamanru/Preview Content\"";
				DEVELOPMENT_TEAM = 96KDP35MCD;
				ENABLE_PREVIEWS = YES;
				GENERATE_INFOPLIST_FILE = YES;
				INFOPLIST_KEY_UIApplicationSceneManifest_Generation = YES;
				INFOPLIST_KEY_UIApplicationSupportsIndirectInputEvents = YES;
				INFOPLIST_KEY_UILaunchScreen_Generation = YES;
				INFOPLIST_KEY_UISupportedInterfaceOrientations_iPad = "UIInterfaceOrientationPortrait UIInterfaceOrientationPortraitUpsideDown UIInterfaceOrientationLandscapeLeft UIInterfaceOrientationLandscapeRight";
				INFOPLIST_KEY_UISupportedInterfaceOrientations_iPhone = "UIInterfaceOrientationPortrait UIInterfaceOrientationLandscapeLeft UIInterfaceOrientationLandscapeRight";
				LD_RUNPATH_SEARCH_PATHS = (
					"$(inherited)",
					"@executable_path/Frameworks",
				);
				MARKETING_VERSION = 1.0;
				PRODUCT_BUNDLE_IDENTIFIER = com.zeroh.Jujamanru;
				PRODUCT_NAME = "$(TARGET_NAME)";
				SWIFT_EMIT_LOC_STRINGS = YES;
				SWIFT_VERSION = 5.0;
				TARGETED_DEVICE_FAMILY = "1,2";
			};
			name = Debug;
		};
		F8FAF08E2B9B052100C35971 /* Release */ = {
			isa = XCBuildConfiguration;
			baseConfigurationReference = 821E480E96AE358325E0ABF0 /* Pods-Jujamanru.release.xcconfig */;
			buildSettings = {
				ASSETCATALOG_COMPILER_APPICON_NAME = AppIcon;
				ASSETCATALOG_COMPILER_GLOBAL_ACCENT_COLOR_NAME = AccentColor;
				CODE_SIGN_STYLE = Automatic;
				CURRENT_PROJECT_VERSION = 1;
				DEVELOPMENT_ASSET_PATHS = "\"Jujamanru/Preview Content\"";
				DEVELOPMENT_TEAM = 96KDP35MCD;
				ENABLE_PREVIEWS = YES;
				GENERATE_INFOPLIST_FILE = YES;
				INFOPLIST_KEY_UIApplicationSceneManifest_Generation = YES;
				INFOPLIST_KEY_UIApplicationSupportsIndirectInputEvents = YES;
				INFOPLIST_KEY_UILaunchScreen_Generation = YES;
				INFOPLIST_KEY_UISupportedInterfaceOrientations_iPad = "UIInterfaceOrientationPortrait UIInterfaceOrientationPortraitUpsideDown UIInterfaceOrientationLandscapeLeft UIInterfaceOrientationLandscapeRight";
				INFOPLIST_KEY_UISupportedInterfaceOrientations_iPhone = "UIInterfaceOrientationPortrait UIInterfaceOrientationLandscapeLeft UIInterfaceOrientationLandscapeRight";
				LD_RUNPATH_SEARCH_PATHS = (
					"$(inherited)",
					"@executable_path/Frameworks",
				);
				MARKETING_VERSION = 1.0;
				PRODUCT_BUNDLE_IDENTIFIER = com.zeroh.Jujamanru;
				PRODUCT_NAME = "$(TARGET_NAME)";
				SWIFT_EMIT_LOC_STRINGS = YES;
				SWIFT_VERSION = 5.0;
				TARGETED_DEVICE_FAMILY = "1,2";
			};
			name = Release;
		};
/* End XCBuildConfiguration section */

/* Begin XCConfigurationList section */
		F8FAF0792B9B052000C35971 /* Build configuration list for PBXProject "Jujamanru" */ = {
			isa = XCConfigurationList;
			buildConfigurations = (
				F8FAF08A2B9B052100C35971 /* Debug */,
				F8FAF08B2B9B052100C35971 /* Release */,
			);
			defaultConfigurationIsVisible = 0;
			defaultConfigurationName = Release;
		};
		F8FAF08C2B9B052100C35971 /* Build configuration list for PBXNativeTarget "Jujamanru" */ = {
			isa = XCConfigurationList;
			buildConfigurations = (
				F8FAF08D2B9B052100C35971 /* Debug */,
				F8FAF08E2B9B052100C35971 /* Release */,
			);
			defaultConfigurationIsVisible = 0;
			defaultConfigurationName = Release;
		};
/* End XCConfigurationList section */
	};
	rootObject = F8FAF0762B9B052000C35971 /* Project object */;
}
